
Microsoft Visual Studio Solution File, Format Version 12.00
# Visual Studio Version 17
VisualStudioVersion = 17.2.32630.192
MinimumVisualStudioVersion = 10.0.40219.1
Project("{FAE04EC0-301F-11D3-BF4B-00C04F79EFBC}") = "Wmi", "TestApp\Wmi.csproj", "{A9653121-EEDD-4709-9D5D-259E2440A9D5}"
EndProject
Project("{FAE04EC0-301F-11D3-BF4B-00C04F79EFBC}") = "WmiTests1", "WmiTests1\WmiTests1.csproj", "{6549CA78-B42A-4F44-BF03-F9EA4C2E9217}"
EndProject
Global
	GlobalSection(SolutionConfigurationPlatforms) = preSolution
		Debug|Any CPU = Debug|Any CPU
		Release|Any CPU = Release|Any CPU
	EndGlobalSection
	GlobalSection(ProjectConfigurationPlatforms) = postSolution
		{A9653121-EEDD-4709-9D5D-259E2440A9D5}.Debug|Any CPU.ActiveCfg = Debug|Any CPU
		{A9653121-EEDD-4709-9D5D-259E2440A9D5}.Debug|Any CPU.Build.0 = Debug|Any CPU
		{A9653121-EEDD-4709-9D5D-259E2440A9D5}.Release|Any CPU.ActiveCfg = Release|Any CPU
		{A9653121-EEDD-4709-9D5D-259E2440A9D5}.Release|Any CPU.Build.0 = Release|Any CPU
		{6549CA78-B42A-4F44-BF03-F9EA4C2E9217}.Debug|Any CPU.ActiveCfg = Debug|Any CPU
		{6549CA78-B42A-4F44-BF03-F9EA4C2E9217}.Debug|Any CPU.Build.0 = Debug|Any CPU
		{6549CA78-B42A-4F44-BF03-F9EA4C2E9217}.Release|Any CPU.ActiveCfg = Release|Any CPU
		{6549CA78-B42A-4F44-BF03-F9EA4C2E9217}.Release|Any CPU.Build.0 = Release|Any CPU
	EndGlobalSection
	GlobalSection(SolutionProperties) = preSolution
		HideSolutionNode = FALSE
	EndGlobalSection
	GlobalSection(ExtensibilityGlobals) = postSolution
		SolutionGuid = {115681B2-676A-487C-BE47-72D0780BE5F1}
	EndGlobalSection
EndGlobal
